
Microsoft Visual Studio Solution File, Format Version 12.00
# Visual Studio Version 17
VisualStudioVersion = 17.4.33213.308
MinimumVisualStudioVersion = 10.0.40219.1
Project("{9A19103F-16F7-4668-BE54-9A1E7A4F7556}") = "ExtravaWallSetup", "ExtravaWallSetup\ExtravaWallSetup.csproj", "{FAB830D6-0C4B-4B38-94B0-15B88204D02E}"
EndProject
Project("{2150E333-8FDC-42A3-9474-1A3956D46DE8}") = "solution", "solution", "{28DD0B08-D1BC-467F-A4BD-DCF1C216D7DC}"
	ProjectSection(SolutionItems) = preProject
		nuget.config = nuget.config
	EndProjectSection
EndProject
Global
	GlobalSection(SolutionConfigurationPlatforms) = preSolution
		Debug|Any CPU = Debug|Any CPU
		Release|Any CPU = Release|Any CPU
	EndGlobalSection
	GlobalSection(ProjectConfigurationPlatforms) = postSolution
		{FAB830D6-0C4B-4B38-94B0-15B88204D02E}.Debug|Any CPU.ActiveCfg = Debug|Any CPU
		{FAB830D6-0C4B-4B38-94B0-15B88204D02E}.Debug|Any CPU.Build.0 = Debug|Any CPU
		{FAB830D6-0C4B-4B38-94B0-15B88204D02E}.Release|Any CPU.ActiveCfg = Release|Any CPU
		{FAB830D6-0C4B-4B38-94B0-15B88204D02E}.Release|Any CPU.Build.0 = Release|Any CPU
	EndGlobalSection
	GlobalSection(SolutionProperties) = preSolution
		HideSolutionNode = FALSE
	EndGlobalSection
	GlobalSection(ExtensibilityGlobals) = postSolution
		SolutionGuid = {41AABE80-2080-44AB-9054-89672D7963DF}
	EndGlobalSection
EndGlobal
