
Microsoft Visual Studio Solution File, Format Version 12.00
# Visual Studio Version 17
VisualStudioVersion = 17.4.33213.308
MinimumVisualStudioVersion = 10.0.40219.1
Project("{9A19103F-16F7-4668-BE54-9A1E7A4F7556}") = "ExtravaWallSetup", "ExtravaWallSetup\ExtravaWallSetup.csproj", "{FAB830D6-0C4B-4B38-94B0-15B88204D02E}"
EndProject
Project("{2150E333-8FDC-42A3-9474-1A3956D46DE8}") = "solution", "solution", "{28DD0B08-D1BC-467F-A4BD-DCF1C216D7DC}"
	ProjectSection(SolutionItems) = preProject
		nuget.config = nuget.config
		global.json = global.json
		omnisharp.json = omnisharp.json
		.editorconfig = .editorconfig
		.csharpierrc = .csharpierrc
		.gitignore = .gitignore
		.config\dotnet-tools.json = .config\dotnet-tools.json
	EndProjectSection
EndProject
Project("{FAE04EC0-301F-11D3-BF4B-00C04F79EFBC}") = "PrivilegedActionHelper", "PrivilegedActionHelper\PrivilegedActionHelper.csproj", "{D11132EB-BECC-4725-9679-B99350C199AE}"
EndProject
Project("{FAE04EC0-301F-11D3-BF4B-00C04F79EFBC}") = "ExtravaWall.Network", "ExtravaWall.Network\ExtravaWall.Network.csproj", "{4FE667AA-469B-46D0-A27C-FE1B3BF2F27D}"
EndProject
Project("{FAE04EC0-301F-11D3-BF4B-00C04F79EFBC}") = "ExtravaWallSetup.Test", "ExtravaWallSetup.Test\ExtravaWallSetup.Test.csproj", "{F9530278-EA4A-43E0-8FC7-981811B35EF8}"
EndProject
Project("{FAE04EC0-301F-11D3-BF4B-00C04F79EFBC}") = "ExtravaCore", "ExtravaCore\ExtravaCore.csproj", "{0C8714EB-4758-4B14-9551-A4B57885642D}"
EndProject
Project("{FAE04EC0-301F-11D3-BF4B-00C04F79EFBC}") = "ExtravaCore.Test", "ExtravaCore.Test\ExtravaCore.Test.csproj", "{48C33913-57C9-46F5-BDAF-F8316BC79DD8}"
EndProject
Project("{9A19103F-16F7-4668-BE54-9A1E7A4F7556}") = "_build", "build\_build.csproj", "{71638997-0573-45DB-9FB7-654F2C0D38C1}"
EndProject
Global
	GlobalSection(SolutionConfigurationPlatforms) = preSolution
		Debug|Any CPU = Debug|Any CPU
		Release|Any CPU = Release|Any CPU
	EndGlobalSection
	GlobalSection(ProjectConfigurationPlatforms) = postSolution
		{71638997-0573-45DB-9FB7-654F2C0D38C1}.Debug|Any CPU.ActiveCfg = Debug|Any CPU
		{71638997-0573-45DB-9FB7-654F2C0D38C1}.Release|Any CPU.ActiveCfg = Release|Any CPU
		{FAB830D6-0C4B-4B38-94B0-15B88204D02E}.Debug|Any CPU.ActiveCfg = Debug|Any CPU
		{FAB830D6-0C4B-4B38-94B0-15B88204D02E}.Debug|Any CPU.Build.0 = Debug|Any CPU
		{FAB830D6-0C4B-4B38-94B0-15B88204D02E}.Release|Any CPU.ActiveCfg = Release|Any CPU
		{FAB830D6-0C4B-4B38-94B0-15B88204D02E}.Release|Any CPU.Build.0 = Release|Any CPU
		{D11132EB-BECC-4725-9679-B99350C199AE}.Debug|Any CPU.ActiveCfg = Debug|Any CPU
		{D11132EB-BECC-4725-9679-B99350C199AE}.Debug|Any CPU.Build.0 = Debug|Any CPU
		{D11132EB-BECC-4725-9679-B99350C199AE}.Release|Any CPU.ActiveCfg = Release|Any CPU
		{D11132EB-BECC-4725-9679-B99350C199AE}.Release|Any CPU.Build.0 = Release|Any CPU
		{4FE667AA-469B-46D0-A27C-FE1B3BF2F27D}.Debug|Any CPU.ActiveCfg = Debug|Any CPU
		{4FE667AA-469B-46D0-A27C-FE1B3BF2F27D}.Debug|Any CPU.Build.0 = Debug|Any CPU
		{4FE667AA-469B-46D0-A27C-FE1B3BF2F27D}.Release|Any CPU.ActiveCfg = Release|Any CPU
		{4FE667AA-469B-46D0-A27C-FE1B3BF2F27D}.Release|Any CPU.Build.0 = Release|Any CPU
		{F9530278-EA4A-43E0-8FC7-981811B35EF8}.Debug|Any CPU.ActiveCfg = Debug|Any CPU
		{F9530278-EA4A-43E0-8FC7-981811B35EF8}.Debug|Any CPU.Build.0 = Debug|Any CPU
		{F9530278-EA4A-43E0-8FC7-981811B35EF8}.Release|Any CPU.ActiveCfg = Release|Any CPU
		{F9530278-EA4A-43E0-8FC7-981811B35EF8}.Release|Any CPU.Build.0 = Release|Any CPU
		{0C8714EB-4758-4B14-9551-A4B57885642D}.Debug|Any CPU.ActiveCfg = Debug|Any CPU
		{0C8714EB-4758-4B14-9551-A4B57885642D}.Debug|Any CPU.Build.0 = Debug|Any CPU
		{0C8714EB-4758-4B14-9551-A4B57885642D}.Release|Any CPU.ActiveCfg = Release|Any CPU
		{0C8714EB-4758-4B14-9551-A4B57885642D}.Release|Any CPU.Build.0 = Release|Any CPU
		{48C33913-57C9-46F5-BDAF-F8316BC79DD8}.Debug|Any CPU.ActiveCfg = Debug|Any CPU
		{48C33913-57C9-46F5-BDAF-F8316BC79DD8}.Debug|Any CPU.Build.0 = Debug|Any CPU
		{48C33913-57C9-46F5-BDAF-F8316BC79DD8}.Release|Any CPU.ActiveCfg = Release|Any CPU
		{48C33913-57C9-46F5-BDAF-F8316BC79DD8}.Release|Any CPU.Build.0 = Release|Any CPU
	EndGlobalSection
	GlobalSection(SolutionProperties) = preSolution
		HideSolutionNode = FALSE
	EndGlobalSection
	GlobalSection(ExtensibilityGlobals) = postSolution
		SolutionGuid = {41AABE80-2080-44AB-9054-89672D7963DF}
	EndGlobalSection
	GlobalSection(RiderSharedRunConfigurations) = postSolution
		File = ExtravaWallSetup\FodyWeavers.xml
		File = ExtravaWallSetup\TrimRoots.xml
	EndGlobalSection
EndGlobal
